
Microsoft Visual Studio Solution File, Format Version 12.00
# Visual Studio 14
VisualStudioVersion = 14.0.25123.0
MinimumVisualStudioVersion = 10.0.40219.1
Project("{FAE04EC0-301F-11D3-BF4B-00C04F79EFBC}") = "Osu!Spectate", "Osu!Spectate\Osu!Spectate.csproj", "{240DE377-94F5-404E-9CAE-D9F723316FAD}"
EndProject
Project("{FAE04EC0-301F-11D3-BF4B-00C04F79EFBC}") = "Osu!SpectateTests", "Osu!SpectateTests\Osu!SpectateTests.csproj", "{BE1ACBBB-A730-44BA-9A32-38B66288723C}"
EndProject
Project("{FAE04EC0-301F-11D3-BF4B-00C04F79EFBC}") = "Osu_SpectateMobile.Droid", "Osu!SpectateMobile\Osu_SpectateMobile.Droid\Osu_SpectateMobile.Droid.csproj", "{D6347207-F65B-486B-B2CD-D56E7C5E280A}"
EndProject
Project("{FAE04EC0-301F-11D3-BF4B-00C04F79EFBC}") = "Osu_SpectateMobile.iOS", "Osu!SpectateMobile\Osu_SpectateMobile.iOS\Osu_SpectateMobile.iOS.csproj", "{C9093B24-064C-4040-9882-93A575C9B135}"
EndProject
Project("{FAE04EC0-301F-11D3-BF4B-00C04F79EFBC}") = "Osu_SpectateMobile.WinPhone", "Osu!SpectateMobile\Osu_SpectateMobile.WinPhone\Osu_SpectateMobile.WinPhone.csproj", "{2FECE667-412A-434F-A5B5-E6F706545786}"
EndProject
Project("{FAE04EC0-301F-11D3-BF4B-00C04F79EFBC}") = "Osu_SpectateMobile.Windows", "Osu!SpectateMobile\Osu_SpectateMobile.Windows\Osu_SpectateMobile.Windows.csproj", "{79A59011-4677-493F-B6D6-BD3E59BECB5D}"
EndProject
Project("{D954291E-2A0B-460D-934E-DC6B0785DB48}") = "Osu_SpectateMobile", "Osu!SpectateMobile\Osu_SpectateMobile\Osu_SpectateMobile.shproj", "{4E322162-B354-4918-84E0-5828964C006A}"
EndProject
Global
	GlobalSection(SharedMSBuildProjectFiles) = preSolution
		Osu!SpectateMobile\Osu_SpectateMobile\Osu_SpectateMobile.projitems*{4e322162-b354-4918-84e0-5828964c006a}*SharedItemsImports = 13
	EndGlobalSection
	GlobalSection(SolutionConfigurationPlatforms) = preSolution
		Ad-Hoc|Any CPU = Ad-Hoc|Any CPU
		Ad-Hoc|ARM = Ad-Hoc|ARM
		Ad-Hoc|iPhone = Ad-Hoc|iPhone
		Ad-Hoc|iPhoneSimulator = Ad-Hoc|iPhoneSimulator
		Ad-Hoc|x64 = Ad-Hoc|x64
		Ad-Hoc|x86 = Ad-Hoc|x86
		AppStore|Any CPU = AppStore|Any CPU
		AppStore|ARM = AppStore|ARM
		AppStore|iPhone = AppStore|iPhone
		AppStore|iPhoneSimulator = AppStore|iPhoneSimulator
		AppStore|x64 = AppStore|x64
		AppStore|x86 = AppStore|x86
		Debug|Any CPU = Debug|Any CPU
		Debug|ARM = Debug|ARM
		Debug|iPhone = Debug|iPhone
		Debug|iPhoneSimulator = Debug|iPhoneSimulator
		Debug|x64 = Debug|x64
		Debug|x86 = Debug|x86
		Release|Any CPU = Release|Any CPU
		Release|ARM = Release|ARM
		Release|iPhone = Release|iPhone
		Release|iPhoneSimulator = Release|iPhoneSimulator
		Release|x64 = Release|x64
		Release|x86 = Release|x86
	EndGlobalSection
	GlobalSection(ProjectConfigurationPlatforms) = postSolution
		{240DE377-94F5-404E-9CAE-D9F723316FAD}.Ad-Hoc|Any CPU.ActiveCfg = Release|Any CPU
		{240DE377-94F5-404E-9CAE-D9F723316FAD}.Ad-Hoc|Any CPU.Build.0 = Release|Any CPU
		{240DE377-94F5-404E-9CAE-D9F723316FAD}.Ad-Hoc|ARM.ActiveCfg = Release|Any CPU
		{240DE377-94F5-404E-9CAE-D9F723316FAD}.Ad-Hoc|ARM.Build.0 = Release|Any CPU
		{240DE377-94F5-404E-9CAE-D9F723316FAD}.Ad-Hoc|iPhone.ActiveCfg = Release|Any CPU
		{240DE377-94F5-404E-9CAE-D9F723316FAD}.Ad-Hoc|iPhone.Build.0 = Release|Any CPU
		{240DE377-94F5-404E-9CAE-D9F723316FAD}.Ad-Hoc|iPhoneSimulator.ActiveCfg = Release|Any CPU
		{240DE377-94F5-404E-9CAE-D9F723316FAD}.Ad-Hoc|iPhoneSimulator.Build.0 = Release|Any CPU
		{240DE377-94F5-404E-9CAE-D9F723316FAD}.Ad-Hoc|x64.ActiveCfg = Release|x64
		{240DE377-94F5-404E-9CAE-D9F723316FAD}.Ad-Hoc|x64.Build.0 = Release|x64
		{240DE377-94F5-404E-9CAE-D9F723316FAD}.Ad-Hoc|x86.ActiveCfg = Release|Any CPU
		{240DE377-94F5-404E-9CAE-D9F723316FAD}.Ad-Hoc|x86.Build.0 = Release|Any CPU
		{240DE377-94F5-404E-9CAE-D9F723316FAD}.AppStore|Any CPU.ActiveCfg = Release|Any CPU
		{240DE377-94F5-404E-9CAE-D9F723316FAD}.AppStore|Any CPU.Build.0 = Release|Any CPU
		{240DE377-94F5-404E-9CAE-D9F723316FAD}.AppStore|ARM.ActiveCfg = Release|Any CPU
		{240DE377-94F5-404E-9CAE-D9F723316FAD}.AppStore|ARM.Build.0 = Release|Any CPU
		{240DE377-94F5-404E-9CAE-D9F723316FAD}.AppStore|iPhone.ActiveCfg = Release|Any CPU
		{240DE377-94F5-404E-9CAE-D9F723316FAD}.AppStore|iPhone.Build.0 = Release|Any CPU
		{240DE377-94F5-404E-9CAE-D9F723316FAD}.AppStore|iPhoneSimulator.ActiveCfg = Release|Any CPU
		{240DE377-94F5-404E-9CAE-D9F723316FAD}.AppStore|iPhoneSimulator.Build.0 = Release|Any CPU
		{240DE377-94F5-404E-9CAE-D9F723316FAD}.AppStore|x64.ActiveCfg = Release|x64
		{240DE377-94F5-404E-9CAE-D9F723316FAD}.AppStore|x64.Build.0 = Release|x64
		{240DE377-94F5-404E-9CAE-D9F723316FAD}.AppStore|x86.ActiveCfg = Release|Any CPU
		{240DE377-94F5-404E-9CAE-D9F723316FAD}.AppStore|x86.Build.0 = Release|Any CPU
		{240DE377-94F5-404E-9CAE-D9F723316FAD}.Debug|Any CPU.ActiveCfg = Debug|Any CPU
		{240DE377-94F5-404E-9CAE-D9F723316FAD}.Debug|Any CPU.Build.0 = Debug|Any CPU
		{240DE377-94F5-404E-9CAE-D9F723316FAD}.Debug|ARM.ActiveCfg = Debug|Any CPU
		{240DE377-94F5-404E-9CAE-D9F723316FAD}.Debug|ARM.Build.0 = Debug|Any CPU
		{240DE377-94F5-404E-9CAE-D9F723316FAD}.Debug|iPhone.ActiveCfg = Debug|Any CPU
		{240DE377-94F5-404E-9CAE-D9F723316FAD}.Debug|iPhone.Build.0 = Debug|Any CPU
		{240DE377-94F5-404E-9CAE-D9F723316FAD}.Debug|iPhoneSimulator.ActiveCfg = Debug|Any CPU
		{240DE377-94F5-404E-9CAE-D9F723316FAD}.Debug|iPhoneSimulator.Build.0 = Debug|Any CPU
		{240DE377-94F5-404E-9CAE-D9F723316FAD}.Debug|x64.ActiveCfg = Debug|x64
		{240DE377-94F5-404E-9CAE-D9F723316FAD}.Debug|x86.ActiveCfg = Debug|Any CPU
		{240DE377-94F5-404E-9CAE-D9F723316FAD}.Debug|x86.Build.0 = Debug|Any CPU
		{240DE377-94F5-404E-9CAE-D9F723316FAD}.Release|Any CPU.ActiveCfg = Release|Any CPU
		{240DE377-94F5-404E-9CAE-D9F723316FAD}.Release|Any CPU.Build.0 = Release|Any CPU
		{240DE377-94F5-404E-9CAE-D9F723316FAD}.Release|ARM.ActiveCfg = Release|Any CPU
		{240DE377-94F5-404E-9CAE-D9F723316FAD}.Release|ARM.Build.0 = Release|Any CPU
		{240DE377-94F5-404E-9CAE-D9F723316FAD}.Release|iPhone.ActiveCfg = Release|Any CPU
		{240DE377-94F5-404E-9CAE-D9F723316FAD}.Release|iPhone.Build.0 = Release|Any CPU
		{240DE377-94F5-404E-9CAE-D9F723316FAD}.Release|iPhoneSimulator.ActiveCfg = Release|Any CPU
		{240DE377-94F5-404E-9CAE-D9F723316FAD}.Release|iPhoneSimulator.Build.0 = Release|Any CPU
		{240DE377-94F5-404E-9CAE-D9F723316FAD}.Release|x64.ActiveCfg = Release|x64
		{240DE377-94F5-404E-9CAE-D9F723316FAD}.Release|x86.ActiveCfg = Release|Any CPU
		{240DE377-94F5-404E-9CAE-D9F723316FAD}.Release|x86.Build.0 = Release|Any CPU
		{BE1ACBBB-A730-44BA-9A32-38B66288723C}.Ad-Hoc|Any CPU.ActiveCfg = Release|Any CPU
		{BE1ACBBB-A730-44BA-9A32-38B66288723C}.Ad-Hoc|Any CPU.Build.0 = Release|Any CPU
		{BE1ACBBB-A730-44BA-9A32-38B66288723C}.Ad-Hoc|ARM.ActiveCfg = Release|Any CPU
		{BE1ACBBB-A730-44BA-9A32-38B66288723C}.Ad-Hoc|ARM.Build.0 = Release|Any CPU
		{BE1ACBBB-A730-44BA-9A32-38B66288723C}.Ad-Hoc|iPhone.ActiveCfg = Release|Any CPU
		{BE1ACBBB-A730-44BA-9A32-38B66288723C}.Ad-Hoc|iPhone.Build.0 = Release|Any CPU
		{BE1ACBBB-A730-44BA-9A32-38B66288723C}.Ad-Hoc|iPhoneSimulator.ActiveCfg = Release|Any CPU
		{BE1ACBBB-A730-44BA-9A32-38B66288723C}.Ad-Hoc|iPhoneSimulator.Build.0 = Release|Any CPU
		{BE1ACBBB-A730-44BA-9A32-38B66288723C}.Ad-Hoc|x64.ActiveCfg = Release|x64
		{BE1ACBBB-A730-44BA-9A32-38B66288723C}.Ad-Hoc|x64.Build.0 = Release|x64
		{BE1ACBBB-A730-44BA-9A32-38B66288723C}.Ad-Hoc|x86.ActiveCfg = Release|Any CPU
		{BE1ACBBB-A730-44BA-9A32-38B66288723C}.Ad-Hoc|x86.Build.0 = Release|Any CPU
		{BE1ACBBB-A730-44BA-9A32-38B66288723C}.AppStore|Any CPU.ActiveCfg = Release|Any CPU
		{BE1ACBBB-A730-44BA-9A32-38B66288723C}.AppStore|Any CPU.Build.0 = Release|Any CPU
		{BE1ACBBB-A730-44BA-9A32-38B66288723C}.AppStore|ARM.ActiveCfg = Release|Any CPU
		{BE1ACBBB-A730-44BA-9A32-38B66288723C}.AppStore|ARM.Build.0 = Release|Any CPU
		{BE1ACBBB-A730-44BA-9A32-38B66288723C}.AppStore|iPhone.ActiveCfg = Release|Any CPU
		{BE1ACBBB-A730-44BA-9A32-38B66288723C}.AppStore|iPhone.Build.0 = Release|Any CPU
		{BE1ACBBB-A730-44BA-9A32-38B66288723C}.AppStore|iPhoneSimulator.ActiveCfg = Release|Any CPU
		{BE1ACBBB-A730-44BA-9A32-38B66288723C}.AppStore|iPhoneSimulator.Build.0 = Release|Any CPU
		{BE1ACBBB-A730-44BA-9A32-38B66288723C}.AppStore|x64.ActiveCfg = Release|x64
		{BE1ACBBB-A730-44BA-9A32-38B66288723C}.AppStore|x64.Build.0 = Release|x64
		{BE1ACBBB-A730-44BA-9A32-38B66288723C}.AppStore|x86.ActiveCfg = Release|Any CPU
		{BE1ACBBB-A730-44BA-9A32-38B66288723C}.AppStore|x86.Build.0 = Release|Any CPU
		{BE1ACBBB-A730-44BA-9A32-38B66288723C}.Debug|Any CPU.ActiveCfg = Debug|Any CPU
		{BE1ACBBB-A730-44BA-9A32-38B66288723C}.Debug|Any CPU.Build.0 = Debug|Any CPU
		{BE1ACBBB-A730-44BA-9A32-38B66288723C}.Debug|ARM.ActiveCfg = Debug|Any CPU
		{BE1ACBBB-A730-44BA-9A32-38B66288723C}.Debug|ARM.Build.0 = Debug|Any CPU
		{BE1ACBBB-A730-44BA-9A32-38B66288723C}.Debug|iPhone.ActiveCfg = Debug|Any CPU
		{BE1ACBBB-A730-44BA-9A32-38B66288723C}.Debug|iPhone.Build.0 = Debug|Any CPU
		{BE1ACBBB-A730-44BA-9A32-38B66288723C}.Debug|iPhoneSimulator.ActiveCfg = Debug|Any CPU
		{BE1ACBBB-A730-44BA-9A32-38B66288723C}.Debug|iPhoneSimulator.Build.0 = Debug|Any CPU
		{BE1ACBBB-A730-44BA-9A32-38B66288723C}.Debug|x64.ActiveCfg = Debug|x64
		{BE1ACBBB-A730-44BA-9A32-38B66288723C}.Debug|x64.Build.0 = Debug|x64
		{BE1ACBBB-A730-44BA-9A32-38B66288723C}.Debug|x86.ActiveCfg = Debug|Any CPU
		{BE1ACBBB-A730-44BA-9A32-38B66288723C}.Debug|x86.Build.0 = Debug|Any CPU
		{BE1ACBBB-A730-44BA-9A32-38B66288723C}.Release|Any CPU.ActiveCfg = Release|Any CPU
		{BE1ACBBB-A730-44BA-9A32-38B66288723C}.Release|Any CPU.Build.0 = Release|Any CPU
		{BE1ACBBB-A730-44BA-9A32-38B66288723C}.Release|ARM.ActiveCfg = Release|Any CPU
		{BE1ACBBB-A730-44BA-9A32-38B66288723C}.Release|ARM.Build.0 = Release|Any CPU
		{BE1ACBBB-A730-44BA-9A32-38B66288723C}.Release|iPhone.ActiveCfg = Release|Any CPU
		{BE1ACBBB-A730-44BA-9A32-38B66288723C}.Release|iPhone.Build.0 = Release|Any CPU
		{BE1ACBBB-A730-44BA-9A32-38B66288723C}.Release|iPhoneSimulator.ActiveCfg = Release|Any CPU
		{BE1ACBBB-A730-44BA-9A32-38B66288723C}.Release|iPhoneSimulator.Build.0 = Release|Any CPU
		{BE1ACBBB-A730-44BA-9A32-38B66288723C}.Release|x64.ActiveCfg = Release|x64
		{BE1ACBBB-A730-44BA-9A32-38B66288723C}.Release|x64.Build.0 = Release|x64
		{BE1ACBBB-A730-44BA-9A32-38B66288723C}.Release|x86.ActiveCfg = Release|Any CPU
		{BE1ACBBB-A730-44BA-9A32-38B66288723C}.Release|x86.Build.0 = Release|Any CPU
		{D6347207-F65B-486B-B2CD-D56E7C5E280A}.Ad-Hoc|Any CPU.ActiveCfg = Release|Any CPU
		{D6347207-F65B-486B-B2CD-D56E7C5E280A}.Ad-Hoc|Any CPU.Build.0 = Release|Any CPU
		{D6347207-F65B-486B-B2CD-D56E7C5E280A}.Ad-Hoc|Any CPU.Deploy.0 = Release|Any CPU
		{D6347207-F65B-486B-B2CD-D56E7C5E280A}.Ad-Hoc|ARM.ActiveCfg = Release|Any CPU
		{D6347207-F65B-486B-B2CD-D56E7C5E280A}.Ad-Hoc|ARM.Build.0 = Release|Any CPU
		{D6347207-F65B-486B-B2CD-D56E7C5E280A}.Ad-Hoc|ARM.Deploy.0 = Release|Any CPU
		{D6347207-F65B-486B-B2CD-D56E7C5E280A}.Ad-Hoc|iPhone.ActiveCfg = Release|Any CPU
		{D6347207-F65B-486B-B2CD-D56E7C5E280A}.Ad-Hoc|iPhone.Build.0 = Release|Any CPU
		{D6347207-F65B-486B-B2CD-D56E7C5E280A}.Ad-Hoc|iPhone.Deploy.0 = Release|Any CPU
		{D6347207-F65B-486B-B2CD-D56E7C5E280A}.Ad-Hoc|iPhoneSimulator.ActiveCfg = Release|Any CPU
		{D6347207-F65B-486B-B2CD-D56E7C5E280A}.Ad-Hoc|iPhoneSimulator.Build.0 = Release|Any CPU
		{D6347207-F65B-486B-B2CD-D56E7C5E280A}.Ad-Hoc|iPhoneSimulator.Deploy.0 = Release|Any CPU
		{D6347207-F65B-486B-B2CD-D56E7C5E280A}.Ad-Hoc|x64.ActiveCfg = Release|Any CPU
		{D6347207-F65B-486B-B2CD-D56E7C5E280A}.Ad-Hoc|x64.Build.0 = Release|Any CPU
		{D6347207-F65B-486B-B2CD-D56E7C5E280A}.Ad-Hoc|x64.Deploy.0 = Release|Any CPU
		{D6347207-F65B-486B-B2CD-D56E7C5E280A}.Ad-Hoc|x86.ActiveCfg = Release|Any CPU
		{D6347207-F65B-486B-B2CD-D56E7C5E280A}.Ad-Hoc|x86.Build.0 = Release|Any CPU
		{D6347207-F65B-486B-B2CD-D56E7C5E280A}.Ad-Hoc|x86.Deploy.0 = Release|Any CPU
		{D6347207-F65B-486B-B2CD-D56E7C5E280A}.AppStore|Any CPU.ActiveCfg = Release|Any CPU
		{D6347207-F65B-486B-B2CD-D56E7C5E280A}.AppStore|Any CPU.Build.0 = Release|Any CPU
		{D6347207-F65B-486B-B2CD-D56E7C5E280A}.AppStore|Any CPU.Deploy.0 = Release|Any CPU
		{D6347207-F65B-486B-B2CD-D56E7C5E280A}.AppStore|ARM.ActiveCfg = Release|Any CPU
		{D6347207-F65B-486B-B2CD-D56E7C5E280A}.AppStore|ARM.Build.0 = Release|Any CPU
		{D6347207-F65B-486B-B2CD-D56E7C5E280A}.AppStore|ARM.Deploy.0 = Release|Any CPU
		{D6347207-F65B-486B-B2CD-D56E7C5E280A}.AppStore|iPhone.ActiveCfg = Release|Any CPU
		{D6347207-F65B-486B-B2CD-D56E7C5E280A}.AppStore|iPhone.Build.0 = Release|Any CPU
		{D6347207-F65B-486B-B2CD-D56E7C5E280A}.AppStore|iPhone.Deploy.0 = Release|Any CPU
		{D6347207-F65B-486B-B2CD-D56E7C5E280A}.AppStore|iPhoneSimulator.ActiveCfg = Release|Any CPU
		{D6347207-F65B-486B-B2CD-D56E7C5E280A}.AppStore|iPhoneSimulator.Build.0 = Release|Any CPU
		{D6347207-F65B-486B-B2CD-D56E7C5E280A}.AppStore|iPhoneSimulator.Deploy.0 = Release|Any CPU
		{D6347207-F65B-486B-B2CD-D56E7C5E280A}.AppStore|x64.ActiveCfg = Release|Any CPU
		{D6347207-F65B-486B-B2CD-D56E7C5E280A}.AppStore|x64.Build.0 = Release|Any CPU
		{D6347207-F65B-486B-B2CD-D56E7C5E280A}.AppStore|x64.Deploy.0 = Release|Any CPU
		{D6347207-F65B-486B-B2CD-D56E7C5E280A}.AppStore|x86.ActiveCfg = Release|Any CPU
		{D6347207-F65B-486B-B2CD-D56E7C5E280A}.AppStore|x86.Build.0 = Release|Any CPU
		{D6347207-F65B-486B-B2CD-D56E7C5E280A}.AppStore|x86.Deploy.0 = Release|Any CPU
		{D6347207-F65B-486B-B2CD-D56E7C5E280A}.Debug|Any CPU.ActiveCfg = Debug|Any CPU
		{D6347207-F65B-486B-B2CD-D56E7C5E280A}.Debug|Any CPU.Build.0 = Debug|Any CPU
		{D6347207-F65B-486B-B2CD-D56E7C5E280A}.Debug|Any CPU.Deploy.0 = Debug|Any CPU
		{D6347207-F65B-486B-B2CD-D56E7C5E280A}.Debug|ARM.ActiveCfg = Debug|Any CPU
		{D6347207-F65B-486B-B2CD-D56E7C5E280A}.Debug|ARM.Build.0 = Debug|Any CPU
		{D6347207-F65B-486B-B2CD-D56E7C5E280A}.Debug|ARM.Deploy.0 = Debug|Any CPU
		{D6347207-F65B-486B-B2CD-D56E7C5E280A}.Debug|iPhone.ActiveCfg = Debug|Any CPU
		{D6347207-F65B-486B-B2CD-D56E7C5E280A}.Debug|iPhone.Build.0 = Debug|Any CPU
		{D6347207-F65B-486B-B2CD-D56E7C5E280A}.Debug|iPhone.Deploy.0 = Debug|Any CPU
		{D6347207-F65B-486B-B2CD-D56E7C5E280A}.Debug|iPhoneSimulator.ActiveCfg = Debug|Any CPU
		{D6347207-F65B-486B-B2CD-D56E7C5E280A}.Debug|iPhoneSimulator.Build.0 = Debug|Any CPU
		{D6347207-F65B-486B-B2CD-D56E7C5E280A}.Debug|iPhoneSimulator.Deploy.0 = Debug|Any CPU
		{D6347207-F65B-486B-B2CD-D56E7C5E280A}.Debug|x64.ActiveCfg = Debug|Any CPU
		{D6347207-F65B-486B-B2CD-D56E7C5E280A}.Debug|x64.Build.0 = Debug|Any CPU
		{D6347207-F65B-486B-B2CD-D56E7C5E280A}.Debug|x64.Deploy.0 = Debug|Any CPU
		{D6347207-F65B-486B-B2CD-D56E7C5E280A}.Debug|x86.ActiveCfg = Debug|Any CPU
		{D6347207-F65B-486B-B2CD-D56E7C5E280A}.Debug|x86.Build.0 = Debug|Any CPU
		{D6347207-F65B-486B-B2CD-D56E7C5E280A}.Debug|x86.Deploy.0 = Debug|Any CPU
		{D6347207-F65B-486B-B2CD-D56E7C5E280A}.Release|Any CPU.ActiveCfg = Release|Any CPU
		{D6347207-F65B-486B-B2CD-D56E7C5E280A}.Release|Any CPU.Build.0 = Release|Any CPU
		{D6347207-F65B-486B-B2CD-D56E7C5E280A}.Release|Any CPU.Deploy.0 = Release|Any CPU
		{D6347207-F65B-486B-B2CD-D56E7C5E280A}.Release|ARM.ActiveCfg = Release|Any CPU
		{D6347207-F65B-486B-B2CD-D56E7C5E280A}.Release|ARM.Build.0 = Release|Any CPU
		{D6347207-F65B-486B-B2CD-D56E7C5E280A}.Release|ARM.Deploy.0 = Release|Any CPU
		{D6347207-F65B-486B-B2CD-D56E7C5E280A}.Release|iPhone.ActiveCfg = Release|Any CPU
		{D6347207-F65B-486B-B2CD-D56E7C5E280A}.Release|iPhone.Build.0 = Release|Any CPU
		{D6347207-F65B-486B-B2CD-D56E7C5E280A}.Release|iPhone.Deploy.0 = Release|Any CPU
		{D6347207-F65B-486B-B2CD-D56E7C5E280A}.Release|iPhoneSimulator.ActiveCfg = Release|Any CPU
		{D6347207-F65B-486B-B2CD-D56E7C5E280A}.Release|iPhoneSimulator.Build.0 = Release|Any CPU
		{D6347207-F65B-486B-B2CD-D56E7C5E280A}.Release|iPhoneSimulator.Deploy.0 = Release|Any CPU
		{D6347207-F65B-486B-B2CD-D56E7C5E280A}.Release|x64.ActiveCfg = Release|Any CPU
		{D6347207-F65B-486B-B2CD-D56E7C5E280A}.Release|x64.Build.0 = Release|Any CPU
		{D6347207-F65B-486B-B2CD-D56E7C5E280A}.Release|x64.Deploy.0 = Release|Any CPU
		{D6347207-F65B-486B-B2CD-D56E7C5E280A}.Release|x86.ActiveCfg = Release|Any CPU
		{D6347207-F65B-486B-B2CD-D56E7C5E280A}.Release|x86.Build.0 = Release|Any CPU
		{D6347207-F65B-486B-B2CD-D56E7C5E280A}.Release|x86.Deploy.0 = Release|Any CPU
		{C9093B24-064C-4040-9882-93A575C9B135}.Ad-Hoc|Any CPU.ActiveCfg = Ad-Hoc|iPhone
		{C9093B24-064C-4040-9882-93A575C9B135}.Ad-Hoc|ARM.ActiveCfg = Ad-Hoc|iPhone
		{C9093B24-064C-4040-9882-93A575C9B135}.Ad-Hoc|iPhone.ActiveCfg = Ad-Hoc|iPhone
		{C9093B24-064C-4040-9882-93A575C9B135}.Ad-Hoc|iPhone.Build.0 = Ad-Hoc|iPhone
		{C9093B24-064C-4040-9882-93A575C9B135}.Ad-Hoc|iPhoneSimulator.ActiveCfg = Ad-Hoc|iPhoneSimulator
		{C9093B24-064C-4040-9882-93A575C9B135}.Ad-Hoc|iPhoneSimulator.Build.0 = Ad-Hoc|iPhoneSimulator
		{C9093B24-064C-4040-9882-93A575C9B135}.Ad-Hoc|x64.ActiveCfg = Ad-Hoc|iPhone
		{C9093B24-064C-4040-9882-93A575C9B135}.Ad-Hoc|x86.ActiveCfg = Ad-Hoc|iPhone
		{C9093B24-064C-4040-9882-93A575C9B135}.AppStore|Any CPU.ActiveCfg = AppStore|iPhone
		{C9093B24-064C-4040-9882-93A575C9B135}.AppStore|ARM.ActiveCfg = AppStore|iPhone
		{C9093B24-064C-4040-9882-93A575C9B135}.AppStore|iPhone.ActiveCfg = AppStore|iPhone
		{C9093B24-064C-4040-9882-93A575C9B135}.AppStore|iPhone.Build.0 = AppStore|iPhone
		{C9093B24-064C-4040-9882-93A575C9B135}.AppStore|iPhoneSimulator.ActiveCfg = AppStore|iPhoneSimulator
		{C9093B24-064C-4040-9882-93A575C9B135}.AppStore|iPhoneSimulator.Build.0 = AppStore|iPhoneSimulator
		{C9093B24-064C-4040-9882-93A575C9B135}.AppStore|x64.ActiveCfg = AppStore|iPhone
		{C9093B24-064C-4040-9882-93A575C9B135}.AppStore|x86.ActiveCfg = AppStore|iPhone
		{C9093B24-064C-4040-9882-93A575C9B135}.Debug|Any CPU.ActiveCfg = Debug|iPhone
		{C9093B24-064C-4040-9882-93A575C9B135}.Debug|ARM.ActiveCfg = Debug|iPhone
		{C9093B24-064C-4040-9882-93A575C9B135}.Debug|iPhone.ActiveCfg = Debug|iPhone
		{C9093B24-064C-4040-9882-93A575C9B135}.Debug|iPhone.Build.0 = Debug|iPhone
		{C9093B24-064C-4040-9882-93A575C9B135}.Debug|iPhoneSimulator.ActiveCfg = Debug|iPhoneSimulator
		{C9093B24-064C-4040-9882-93A575C9B135}.Debug|iPhoneSimulator.Build.0 = Debug|iPhoneSimulator
		{C9093B24-064C-4040-9882-93A575C9B135}.Debug|x64.ActiveCfg = Debug|iPhone
		{C9093B24-064C-4040-9882-93A575C9B135}.Debug|x86.ActiveCfg = Debug|iPhone
		{C9093B24-064C-4040-9882-93A575C9B135}.Release|Any CPU.ActiveCfg = Release|iPhone
		{C9093B24-064C-4040-9882-93A575C9B135}.Release|ARM.ActiveCfg = Release|iPhone
		{C9093B24-064C-4040-9882-93A575C9B135}.Release|iPhone.ActiveCfg = Release|iPhone
		{C9093B24-064C-4040-9882-93A575C9B135}.Release|iPhone.Build.0 = Release|iPhone
		{C9093B24-064C-4040-9882-93A575C9B135}.Release|iPhoneSimulator.ActiveCfg = Release|iPhoneSimulator
		{C9093B24-064C-4040-9882-93A575C9B135}.Release|iPhoneSimulator.Build.0 = Release|iPhoneSimulator
		{C9093B24-064C-4040-9882-93A575C9B135}.Release|x64.ActiveCfg = Release|iPhone
		{C9093B24-064C-4040-9882-93A575C9B135}.Release|x86.ActiveCfg = Release|iPhone
		{2FECE667-412A-434F-A5B5-E6F706545786}.Ad-Hoc|Any CPU.ActiveCfg = Release|Any CPU
		{2FECE667-412A-434F-A5B5-E6F706545786}.Ad-Hoc|Any CPU.Build.0 = Release|Any CPU
		{2FECE667-412A-434F-A5B5-E6F706545786}.Ad-Hoc|Any CPU.Deploy.0 = Release|Any CPU
		{2FECE667-412A-434F-A5B5-E6F706545786}.Ad-Hoc|ARM.ActiveCfg = Release|ARM
		{2FECE667-412A-434F-A5B5-E6F706545786}.Ad-Hoc|ARM.Build.0 = Release|ARM
		{2FECE667-412A-434F-A5B5-E6F706545786}.Ad-Hoc|ARM.Deploy.0 = Release|ARM
		{2FECE667-412A-434F-A5B5-E6F706545786}.Ad-Hoc|iPhone.ActiveCfg = Release|Any CPU
		{2FECE667-412A-434F-A5B5-E6F706545786}.Ad-Hoc|iPhone.Build.0 = Release|Any CPU
		{2FECE667-412A-434F-A5B5-E6F706545786}.Ad-Hoc|iPhone.Deploy.0 = Release|Any CPU
		{2FECE667-412A-434F-A5B5-E6F706545786}.Ad-Hoc|iPhoneSimulator.ActiveCfg = Release|Any CPU
		{2FECE667-412A-434F-A5B5-E6F706545786}.Ad-Hoc|iPhoneSimulator.Build.0 = Release|Any CPU
		{2FECE667-412A-434F-A5B5-E6F706545786}.Ad-Hoc|iPhoneSimulator.Deploy.0 = Release|Any CPU
		{2FECE667-412A-434F-A5B5-E6F706545786}.Ad-Hoc|x64.ActiveCfg = Release|Any CPU
		{2FECE667-412A-434F-A5B5-E6F706545786}.Ad-Hoc|x64.Build.0 = Release|Any CPU
		{2FECE667-412A-434F-A5B5-E6F706545786}.Ad-Hoc|x64.Deploy.0 = Release|Any CPU
		{2FECE667-412A-434F-A5B5-E6F706545786}.Ad-Hoc|x86.ActiveCfg = Release|x86
		{2FECE667-412A-434F-A5B5-E6F706545786}.Ad-Hoc|x86.Build.0 = Release|x86
		{2FECE667-412A-434F-A5B5-E6F706545786}.Ad-Hoc|x86.Deploy.0 = Release|x86
		{2FECE667-412A-434F-A5B5-E6F706545786}.AppStore|Any CPU.ActiveCfg = Release|Any CPU
		{2FECE667-412A-434F-A5B5-E6F706545786}.AppStore|Any CPU.Build.0 = Release|Any CPU
		{2FECE667-412A-434F-A5B5-E6F706545786}.AppStore|Any CPU.Deploy.0 = Release|Any CPU
		{2FECE667-412A-434F-A5B5-E6F706545786}.AppStore|ARM.ActiveCfg = Release|ARM
		{2FECE667-412A-434F-A5B5-E6F706545786}.AppStore|ARM.Build.0 = Release|ARM
		{2FECE667-412A-434F-A5B5-E6F706545786}.AppStore|ARM.Deploy.0 = Release|ARM
		{2FECE667-412A-434F-A5B5-E6F706545786}.AppStore|iPhone.ActiveCfg = Release|Any CPU
		{2FECE667-412A-434F-A5B5-E6F706545786}.AppStore|iPhone.Build.0 = Release|Any CPU
		{2FECE667-412A-434F-A5B5-E6F706545786}.AppStore|iPhone.Deploy.0 = Release|Any CPU
		{2FECE667-412A-434F-A5B5-E6F706545786}.AppStore|iPhoneSimulator.ActiveCfg = Release|Any CPU
		{2FECE667-412A-434F-A5B5-E6F706545786}.AppStore|iPhoneSimulator.Build.0 = Release|Any CPU
		{2FECE667-412A-434F-A5B5-E6F706545786}.AppStore|iPhoneSimulator.Deploy.0 = Release|Any CPU
		{2FECE667-412A-434F-A5B5-E6F706545786}.AppStore|x64.ActiveCfg = Release|Any CPU
		{2FECE667-412A-434F-A5B5-E6F706545786}.AppStore|x64.Build.0 = Release|Any CPU
		{2FECE667-412A-434F-A5B5-E6F706545786}.AppStore|x64.Deploy.0 = Release|Any CPU
		{2FECE667-412A-434F-A5B5-E6F706545786}.AppStore|x86.ActiveCfg = Release|x86
		{2FECE667-412A-434F-A5B5-E6F706545786}.AppStore|x86.Build.0 = Release|x86
		{2FECE667-412A-434F-A5B5-E6F706545786}.AppStore|x86.Deploy.0 = Release|x86
		{2FECE667-412A-434F-A5B5-E6F706545786}.Debug|Any CPU.ActiveCfg = Debug|Any CPU
		{2FECE667-412A-434F-A5B5-E6F706545786}.Debug|Any CPU.Build.0 = Debug|Any CPU
		{2FECE667-412A-434F-A5B5-E6F706545786}.Debug|Any CPU.Deploy.0 = Debug|Any CPU
		{2FECE667-412A-434F-A5B5-E6F706545786}.Debug|ARM.ActiveCfg = Debug|ARM
		{2FECE667-412A-434F-A5B5-E6F706545786}.Debug|ARM.Build.0 = Debug|ARM
		{2FECE667-412A-434F-A5B5-E6F706545786}.Debug|ARM.Deploy.0 = Debug|ARM
		{2FECE667-412A-434F-A5B5-E6F706545786}.Debug|iPhone.ActiveCfg = Debug|Any CPU
		{2FECE667-412A-434F-A5B5-E6F706545786}.Debug|iPhone.Build.0 = Debug|Any CPU
		{2FECE667-412A-434F-A5B5-E6F706545786}.Debug|iPhone.Deploy.0 = Debug|Any CPU
		{2FECE667-412A-434F-A5B5-E6F706545786}.Debug|iPhoneSimulator.ActiveCfg = Debug|Any CPU
		{2FECE667-412A-434F-A5B5-E6F706545786}.Debug|iPhoneSimulator.Build.0 = Debug|Any CPU
		{2FECE667-412A-434F-A5B5-E6F706545786}.Debug|iPhoneSimulator.Deploy.0 = Debug|Any CPU
		{2FECE667-412A-434F-A5B5-E6F706545786}.Debug|x64.ActiveCfg = Debug|Any CPU
		{2FECE667-412A-434F-A5B5-E6F706545786}.Debug|x64.Build.0 = Debug|Any CPU
		{2FECE667-412A-434F-A5B5-E6F706545786}.Debug|x64.Deploy.0 = Debug|Any CPU
		{2FECE667-412A-434F-A5B5-E6F706545786}.Debug|x86.ActiveCfg = Debug|x86
		{2FECE667-412A-434F-A5B5-E6F706545786}.Debug|x86.Build.0 = Debug|x86
		{2FECE667-412A-434F-A5B5-E6F706545786}.Debug|x86.Deploy.0 = Debug|x86
		{2FECE667-412A-434F-A5B5-E6F706545786}.Release|Any CPU.ActiveCfg = Release|Any CPU
		{2FECE667-412A-434F-A5B5-E6F706545786}.Release|Any CPU.Build.0 = Release|Any CPU
		{2FECE667-412A-434F-A5B5-E6F706545786}.Release|Any CPU.Deploy.0 = Release|Any CPU
		{2FECE667-412A-434F-A5B5-E6F706545786}.Release|ARM.ActiveCfg = Release|ARM
		{2FECE667-412A-434F-A5B5-E6F706545786}.Release|ARM.Build.0 = Release|ARM
		{2FECE667-412A-434F-A5B5-E6F706545786}.Release|ARM.Deploy.0 = Release|ARM
		{2FECE667-412A-434F-A5B5-E6F706545786}.Release|iPhone.ActiveCfg = Release|Any CPU
		{2FECE667-412A-434F-A5B5-E6F706545786}.Release|iPhone.Build.0 = Release|Any CPU
		{2FECE667-412A-434F-A5B5-E6F706545786}.Release|iPhone.Deploy.0 = Release|Any CPU
		{2FECE667-412A-434F-A5B5-E6F706545786}.Release|iPhoneSimulator.ActiveCfg = Release|Any CPU
		{2FECE667-412A-434F-A5B5-E6F706545786}.Release|iPhoneSimulator.Build.0 = Release|Any CPU
		{2FECE667-412A-434F-A5B5-E6F706545786}.Release|iPhoneSimulator.Deploy.0 = Release|Any CPU
		{2FECE667-412A-434F-A5B5-E6F706545786}.Release|x64.ActiveCfg = Release|Any CPU
		{2FECE667-412A-434F-A5B5-E6F706545786}.Release|x64.Build.0 = Release|Any CPU
		{2FECE667-412A-434F-A5B5-E6F706545786}.Release|x64.Deploy.0 = Release|Any CPU
		{2FECE667-412A-434F-A5B5-E6F706545786}.Release|x86.ActiveCfg = Release|x86
		{2FECE667-412A-434F-A5B5-E6F706545786}.Release|x86.Build.0 = Release|x86
		{2FECE667-412A-434F-A5B5-E6F706545786}.Release|x86.Deploy.0 = Release|x86
		{79A59011-4677-493F-B6D6-BD3E59BECB5D}.Ad-Hoc|Any CPU.ActiveCfg = Release|Any CPU
		{79A59011-4677-493F-B6D6-BD3E59BECB5D}.Ad-Hoc|Any CPU.Build.0 = Release|Any CPU
		{79A59011-4677-493F-B6D6-BD3E59BECB5D}.Ad-Hoc|Any CPU.Deploy.0 = Release|Any CPU
		{79A59011-4677-493F-B6D6-BD3E59BECB5D}.Ad-Hoc|ARM.ActiveCfg = Release|ARM
		{79A59011-4677-493F-B6D6-BD3E59BECB5D}.Ad-Hoc|ARM.Build.0 = Release|ARM
		{79A59011-4677-493F-B6D6-BD3E59BECB5D}.Ad-Hoc|ARM.Deploy.0 = Release|ARM
		{79A59011-4677-493F-B6D6-BD3E59BECB5D}.Ad-Hoc|iPhone.ActiveCfg = Release|Any CPU
		{79A59011-4677-493F-B6D6-BD3E59BECB5D}.Ad-Hoc|iPhone.Build.0 = Release|Any CPU
		{79A59011-4677-493F-B6D6-BD3E59BECB5D}.Ad-Hoc|iPhone.Deploy.0 = Release|Any CPU
		{79A59011-4677-493F-B6D6-BD3E59BECB5D}.Ad-Hoc|iPhoneSimulator.ActiveCfg = Release|Any CPU
		{79A59011-4677-493F-B6D6-BD3E59BECB5D}.Ad-Hoc|iPhoneSimulator.Build.0 = Release|Any CPU
		{79A59011-4677-493F-B6D6-BD3E59BECB5D}.Ad-Hoc|iPhoneSimulator.Deploy.0 = Release|Any CPU
		{79A59011-4677-493F-B6D6-BD3E59BECB5D}.Ad-Hoc|x64.ActiveCfg = Release|x64
		{79A59011-4677-493F-B6D6-BD3E59BECB5D}.Ad-Hoc|x64.Build.0 = Release|x64
		{79A59011-4677-493F-B6D6-BD3E59BECB5D}.Ad-Hoc|x64.Deploy.0 = Release|x64
		{79A59011-4677-493F-B6D6-BD3E59BECB5D}.Ad-Hoc|x86.ActiveCfg = Release|x86
		{79A59011-4677-493F-B6D6-BD3E59BECB5D}.Ad-Hoc|x86.Build.0 = Release|x86
		{79A59011-4677-493F-B6D6-BD3E59BECB5D}.Ad-Hoc|x86.Deploy.0 = Release|x86
		{79A59011-4677-493F-B6D6-BD3E59BECB5D}.AppStore|Any CPU.ActiveCfg = Release|Any CPU
		{79A59011-4677-493F-B6D6-BD3E59BECB5D}.AppStore|Any CPU.Build.0 = Release|Any CPU
		{79A59011-4677-493F-B6D6-BD3E59BECB5D}.AppStore|Any CPU.Deploy.0 = Release|Any CPU
		{79A59011-4677-493F-B6D6-BD3E59BECB5D}.AppStore|ARM.ActiveCfg = Release|ARM
		{79A59011-4677-493F-B6D6-BD3E59BECB5D}.AppStore|ARM.Build.0 = Release|ARM
		{79A59011-4677-493F-B6D6-BD3E59BECB5D}.AppStore|ARM.Deploy.0 = Release|ARM
		{79A59011-4677-493F-B6D6-BD3E59BECB5D}.AppStore|iPhone.ActiveCfg = Release|Any CPU
		{79A59011-4677-493F-B6D6-BD3E59BECB5D}.AppStore|iPhone.Build.0 = Release|Any CPU
		{79A59011-4677-493F-B6D6-BD3E59BECB5D}.AppStore|iPhone.Deploy.0 = Release|Any CPU
		{79A59011-4677-493F-B6D6-BD3E59BECB5D}.AppStore|iPhoneSimulator.ActiveCfg = Release|Any CPU
		{79A59011-4677-493F-B6D6-BD3E59BECB5D}.AppStore|iPhoneSimulator.Build.0 = Release|Any CPU
		{79A59011-4677-493F-B6D6-BD3E59BECB5D}.AppStore|iPhoneSimulator.Deploy.0 = Release|Any CPU
		{79A59011-4677-493F-B6D6-BD3E59BECB5D}.AppStore|x64.ActiveCfg = Release|x64
		{79A59011-4677-493F-B6D6-BD3E59BECB5D}.AppStore|x64.Build.0 = Release|x64
		{79A59011-4677-493F-B6D6-BD3E59BECB5D}.AppStore|x64.Deploy.0 = Release|x64
		{79A59011-4677-493F-B6D6-BD3E59BECB5D}.AppStore|x86.ActiveCfg = Release|x86
		{79A59011-4677-493F-B6D6-BD3E59BECB5D}.AppStore|x86.Build.0 = Release|x86
		{79A59011-4677-493F-B6D6-BD3E59BECB5D}.AppStore|x86.Deploy.0 = Release|x86
		{79A59011-4677-493F-B6D6-BD3E59BECB5D}.Debug|Any CPU.ActiveCfg = Debug|Any CPU
		{79A59011-4677-493F-B6D6-BD3E59BECB5D}.Debug|Any CPU.Build.0 = Debug|Any CPU
		{79A59011-4677-493F-B6D6-BD3E59BECB5D}.Debug|Any CPU.Deploy.0 = Debug|Any CPU
		{79A59011-4677-493F-B6D6-BD3E59BECB5D}.Debug|ARM.ActiveCfg = Debug|ARM
		{79A59011-4677-493F-B6D6-BD3E59BECB5D}.Debug|ARM.Build.0 = Debug|ARM
		{79A59011-4677-493F-B6D6-BD3E59BECB5D}.Debug|ARM.Deploy.0 = Debug|ARM
		{79A59011-4677-493F-B6D6-BD3E59BECB5D}.Debug|iPhone.ActiveCfg = Debug|Any CPU
		{79A59011-4677-493F-B6D6-BD3E59BECB5D}.Debug|iPhone.Build.0 = Debug|Any CPU
		{79A59011-4677-493F-B6D6-BD3E59BECB5D}.Debug|iPhone.Deploy.0 = Debug|Any CPU
		{79A59011-4677-493F-B6D6-BD3E59BECB5D}.Debug|iPhoneSimulator.ActiveCfg = Debug|Any CPU
		{79A59011-4677-493F-B6D6-BD3E59BECB5D}.Debug|iPhoneSimulator.Build.0 = Debug|Any CPU
		{79A59011-4677-493F-B6D6-BD3E59BECB5D}.Debug|iPhoneSimulator.Deploy.0 = Debug|Any CPU
		{79A59011-4677-493F-B6D6-BD3E59BECB5D}.Debug|x64.ActiveCfg = Debug|x64
		{79A59011-4677-493F-B6D6-BD3E59BECB5D}.Debug|x64.Build.0 = Debug|x64
		{79A59011-4677-493F-B6D6-BD3E59BECB5D}.Debug|x64.Deploy.0 = Debug|x64
		{79A59011-4677-493F-B6D6-BD3E59BECB5D}.Debug|x86.ActiveCfg = Debug|x86
		{79A59011-4677-493F-B6D6-BD3E59BECB5D}.Debug|x86.Build.0 = Debug|x86
		{79A59011-4677-493F-B6D6-BD3E59BECB5D}.Debug|x86.Deploy.0 = Debug|x86
		{79A59011-4677-493F-B6D6-BD3E59BECB5D}.Release|Any CPU.ActiveCfg = Release|Any CPU
		{79A59011-4677-493F-B6D6-BD3E59BECB5D}.Release|Any CPU.Build.0 = Release|Any CPU
		{79A59011-4677-493F-B6D6-BD3E59BECB5D}.Release|Any CPU.Deploy.0 = Release|Any CPU
		{79A59011-4677-493F-B6D6-BD3E59BECB5D}.Release|ARM.ActiveCfg = Release|ARM
		{79A59011-4677-493F-B6D6-BD3E59BECB5D}.Release|ARM.Build.0 = Release|ARM
		{79A59011-4677-493F-B6D6-BD3E59BECB5D}.Release|ARM.Deploy.0 = Release|ARM
		{79A59011-4677-493F-B6D6-BD3E59BECB5D}.Release|iPhone.ActiveCfg = Release|Any CPU
		{79A59011-4677-493F-B6D6-BD3E59BECB5D}.Release|iPhone.Build.0 = Release|Any CPU
		{79A59011-4677-493F-B6D6-BD3E59BECB5D}.Release|iPhone.Deploy.0 = Release|Any CPU
		{79A59011-4677-493F-B6D6-BD3E59BECB5D}.Release|iPhoneSimulator.ActiveCfg = Release|Any CPU
		{79A59011-4677-493F-B6D6-BD3E59BECB5D}.Release|iPhoneSimulator.Build.0 = Release|Any CPU
		{79A59011-4677-493F-B6D6-BD3E59BECB5D}.Release|iPhoneSimulator.Deploy.0 = Release|Any CPU
		{79A59011-4677-493F-B6D6-BD3E59BECB5D}.Release|x64.ActiveCfg = Release|x64
		{79A59011-4677-493F-B6D6-BD3E59BECB5D}.Release|x64.Build.0 = Release|x64
		{79A59011-4677-493F-B6D6-BD3E59BECB5D}.Release|x64.Deploy.0 = Release|x64
		{79A59011-4677-493F-B6D6-BD3E59BECB5D}.Release|x86.ActiveCfg = Release|x86
		{79A59011-4677-493F-B6D6-BD3E59BECB5D}.Release|x86.Build.0 = Release|x86
		{79A59011-4677-493F-B6D6-BD3E59BECB5D}.Release|x86.Deploy.0 = Release|x86
	EndGlobalSection
	GlobalSection(SolutionProperties) = preSolution
		HideSolutionNode = FALSE
	EndGlobalSection
EndGlobal
